// !$*UTF8*$!
{
	archiveVersion = 1;
	classes = {
	};
	objectVersion = 54;
	objects = {

/* Begin PBXBuildFile section */
		0090EF0A2767B5FE003B2B22 /* ProquintModel.swift in Sources */ = {isa = PBXBuildFile; fileRef = 0090EF092767B5FE003B2B22 /* ProquintModel.swift */; };
		182426AD2533649200015F60 /* ProquintApp.swift in Sources */ = {isa = PBXBuildFile; fileRef = 182426AC2533649200015F60 /* ProquintApp.swift */; };
		182426AF2533649200015F60 /* ContentView.swift in Sources */ = {isa = PBXBuildFile; fileRef = 182426AE2533649200015F60 /* ContentView.swift */; };
		182426B12533649500015F60 /* Assets.xcassets in Resources */ = {isa = PBXBuildFile; fileRef = 182426B02533649500015F60 /* Assets.xcassets */; };
		182426B42533649500015F60 /* Preview Assets.xcassets in Resources */ = {isa = PBXBuildFile; fileRef = 182426B32533649500015F60 /* Preview Assets.xcassets */; };
/* End PBXBuildFile section */

/* Begin PBXContainerItemProxy section */
		182426BB2533649500015F60 /* PBXContainerItemProxy */ = {
			isa = PBXContainerItemProxy;
			containerPortal = 182426A12533649200015F60 /* Project object */;
			proxyType = 1;
			remoteGlobalIDString = 182426A82533649200015F60;
			remoteInfo = Proquint;
		};
		182426C62533649500015F60 /* PBXContainerItemProxy */ = {
			isa = PBXContainerItemProxy;
			containerPortal = 182426A12533649200015F60 /* Project object */;
			proxyType = 1;
			remoteGlobalIDString = 182426A82533649200015F60;
			remoteInfo = Proquint;
		};
/* End PBXContainerItemProxy section */

/* Begin PBXFileReference section */
		0090EF092767B5FE003B2B22 /* ProquintModel.swift */ = {isa = PBXFileReference; lastKnownFileType = sourcecode.swift; path = ProquintModel.swift; sourceTree = "<group>"; };
		01C9BCB22CB81040007248D4 /* Proquint.entitlements */ = {isa = PBXFileReference; lastKnownFileType = text.plist.entitlements; path = Proquint.entitlements; sourceTree = "<group>"; };
		182426A92533649200015F60 /* Proquint.app */ = {isa = PBXFileReference; explicitFileType = wrapper.application; includeInIndex = 0; path = Proquint.app; sourceTree = BUILT_PRODUCTS_DIR; };
		182426AC2533649200015F60 /* ProquintApp.swift */ = {isa = PBXFileReference; lastKnownFileType = sourcecode.swift; path = ProquintApp.swift; sourceTree = "<group>"; };
		182426AE2533649200015F60 /* ContentView.swift */ = {isa = PBXFileReference; lastKnownFileType = sourcecode.swift; path = ContentView.swift; sourceTree = "<group>"; };
		182426B02533649500015F60 /* Assets.xcassets */ = {isa = PBXFileReference; lastKnownFileType = folder.assetcatalog; path = Assets.xcassets; sourceTree = "<group>"; };
		182426B32533649500015F60 /* Preview Assets.xcassets */ = {isa = PBXFileReference; lastKnownFileType = folder.assetcatalog; path = "Preview Assets.xcassets"; sourceTree = "<group>"; };
		182426B52533649500015F60 /* Info.plist */ = {isa = PBXFileReference; lastKnownFileType = text.plist.xml; path = Info.plist; sourceTree = "<group>"; };
		182426BA2533649500015F60 /* ProquintTests.xctest */ = {isa = PBXFileReference; explicitFileType = wrapper.cfbundle; includeInIndex = 0; path = ProquintTests.xctest; sourceTree = BUILT_PRODUCTS_DIR; };
		182426C52533649500015F60 /* ProquintUITests.xctest */ = {isa = PBXFileReference; explicitFileType = wrapper.cfbundle; includeInIndex = 0; path = ProquintUITests.xctest; sourceTree = BUILT_PRODUCTS_DIR; };
/* End PBXFileReference section */

/* Begin PBXFrameworksBuildPhase section */
		182426A62533649200015F60 /* Frameworks */ = {
			isa = PBXFrameworksBuildPhase;
			buildActionMask = 2147483647;
			files = (
			);
			runOnlyForDeploymentPostprocessing = 0;
		};
		182426B72533649500015F60 /* Frameworks */ = {
			isa = PBXFrameworksBuildPhase;
			buildActionMask = 2147483647;
			files = (
			);
			runOnlyForDeploymentPostprocessing = 0;
		};
		182426C22533649500015F60 /* Frameworks */ = {
			isa = PBXFrameworksBuildPhase;
			buildActionMask = 2147483647;
			files = (
			);
			runOnlyForDeploymentPostprocessing = 0;
		};
/* End PBXFrameworksBuildPhase section */

/* Begin PBXGroup section */
		182426A02533649200015F60 = {
			isa = PBXGroup;
			children = (
				182426AB2533649200015F60 /* Proquint */,
				182426AA2533649200015F60 /* Products */,
			);
			sourceTree = "<group>";
		};
		182426AA2533649200015F60 /* Products */ = {
			isa = PBXGroup;
			children = (
				182426A92533649200015F60 /* Proquint.app */,
				182426BA2533649500015F60 /* ProquintTests.xctest */,
				182426C52533649500015F60 /* ProquintUITests.xctest */,
			);
			name = Products;
			sourceTree = "<group>";
		};
		182426AB2533649200015F60 /* Proquint */ = {
			isa = PBXGroup;
			children = (
				01C9BCB22CB81040007248D4 /* Proquint.entitlements */,
				182426AC2533649200015F60 /* ProquintApp.swift */,
				182426AE2533649200015F60 /* ContentView.swift */,
				0090EF092767B5FE003B2B22 /* ProquintModel.swift */,
				182426B02533649500015F60 /* Assets.xcassets */,
				182426B52533649500015F60 /* Info.plist */,
				182426B22533649500015F60 /* Preview Content */,
			);
			path = Proquint;
			sourceTree = "<group>";
		};
		182426B22533649500015F60 /* Preview Content */ = {
			isa = PBXGroup;
			children = (
				182426B32533649500015F60 /* Preview Assets.xcassets */,
			);
			path = "Preview Content";
			sourceTree = "<group>";
		};
/* End PBXGroup section */

/* Begin PBXNativeTarget section */
		182426A82533649200015F60 /* Proquint */ = {
			isa = PBXNativeTarget;
			buildConfigurationList = 182426CE2533649500015F60 /* Build configuration list for PBXNativeTarget "Proquint" */;
			buildPhases = (
				182426A52533649200015F60 /* Sources */,
				182426A62533649200015F60 /* Frameworks */,
				182426A72533649200015F60 /* Resources */,
			);
			buildRules = (
			);
			dependencies = (
			);
			name = Proquint;
			productName = Proquint;
			productReference = 182426A92533649200015F60 /* Proquint.app */;
			productType = "com.apple.product-type.application";
		};
		182426B92533649500015F60 /* ProquintTests */ = {
			isa = PBXNativeTarget;
			buildConfigurationList = 182426D12533649500015F60 /* Build configuration list for PBXNativeTarget "ProquintTests" */;
			buildPhases = (
				182426B62533649500015F60 /* Sources */,
				182426B72533649500015F60 /* Frameworks */,
				182426B82533649500015F60 /* Resources */,
			);
			buildRules = (
			);
			dependencies = (
				182426BC2533649500015F60 /* PBXTargetDependency */,
			);
			name = ProquintTests;
			productName = ProquintTests;
			productReference = 182426BA2533649500015F60 /* ProquintTests.xctest */;
			productType = "com.apple.product-type.bundle.unit-test";
		};
		182426C42533649500015F60 /* ProquintUITests */ = {
			isa = PBXNativeTarget;
			buildConfigurationList = 182426D42533649500015F60 /* Build configuration list for PBXNativeTarget "ProquintUITests" */;
			buildPhases = (
				182426C12533649500015F60 /* Sources */,
				182426C22533649500015F60 /* Frameworks */,
				182426C32533649500015F60 /* Resources */,
			);
			buildRules = (
			);
			dependencies = (
				182426C72533649500015F60 /* PBXTargetDependency */,
			);
			name = ProquintUITests;
			productName = ProquintUITests;
			productReference = 182426C52533649500015F60 /* ProquintUITests.xctest */;
			productType = "com.apple.product-type.bundle.ui-testing";
		};
/* End PBXNativeTarget section */

/* Begin PBXProject section */
		182426A12533649200015F60 /* Project object */ = {
			isa = PBXProject;
			attributes = {
				BuildIndependentTargetsInParallel = YES;
				LastSwiftUpdateCheck = 1200;
				LastUpgradeCheck = 1520;
				TargetAttributes = {
					182426A82533649200015F60 = {
						CreatedOnToolsVersion = 12.0.1;
					};
					182426B92533649500015F60 = {
						CreatedOnToolsVersion = 12.0.1;
						TestTargetID = 182426A82533649200015F60;
					};
					182426C42533649500015F60 = {
						CreatedOnToolsVersion = 12.0.1;
						TestTargetID = 182426A82533649200015F60;
					};
				};
			};
			buildConfigurationList = 182426A42533649200015F60 /* Build configuration list for PBXProject "Proquint" */;
			compatibilityVersion = "Xcode 9.3";
			developmentRegion = en;
			hasScannedForEncodings = 0;
			knownRegions = (
				en,
				Base,
			);
			mainGroup = 182426A02533649200015F60;
			productRefGroup = 182426AA2533649200015F60 /* Products */;
			projectDirPath = "";
			projectRoot = "";
			targets = (
				182426A82533649200015F60 /* Proquint */,
				182426B92533649500015F60 /* ProquintTests */,
				182426C42533649500015F60 /* ProquintUITests */,
			);
		};
/* End PBXProject section */

/* Begin PBXResourcesBuildPhase section */
		182426A72533649200015F60 /* Resources */ = {
			isa = PBXResourcesBuildPhase;
			buildActionMask = 2147483647;
			files = (
				182426B42533649500015F60 /* Preview Assets.xcassets in Resources */,
				182426B12533649500015F60 /* Assets.xcassets in Resources */,
			);
			runOnlyForDeploymentPostprocessing = 0;
		};
		182426B82533649500015F60 /* Resources */ = {
			isa = PBXResourcesBuildPhase;
			buildActionMask = 2147483647;
			files = (
			);
			runOnlyForDeploymentPostprocessing = 0;
		};
		182426C32533649500015F60 /* Resources */ = {
			isa = PBXResourcesBuildPhase;
			buildActionMask = 2147483647;
			files = (
			);
			runOnlyForDeploymentPostprocessing = 0;
		};
/* End PBXResourcesBuildPhase section */

/* Begin PBXSourcesBuildPhase section */
		182426A52533649200015F60 /* Sources */ = {
			isa = PBXSourcesBuildPhase;
			buildActionMask = 2147483647;
			files = (
				0090EF0A2767B5FE003B2B22 /* ProquintModel.swift in Sources */,
				182426AF2533649200015F60 /* ContentView.swift in Sources */,
				182426AD2533649200015F60 /* ProquintApp.swift in Sources */,
			);
			runOnlyForDeploymentPostprocessing = 0;
		};
		182426B62533649500015F60 /* Sources */ = {
			isa = PBXSourcesBuildPhase;
			buildActionMask = 2147483647;
			files = (
			);
			runOnlyForDeploymentPostprocessing = 0;
		};
		182426C12533649500015F60 /* Sources */ = {
			isa = PBXSourcesBuildPhase;
			buildActionMask = 2147483647;
			files = (
			);
			runOnlyForDeploymentPostprocessing = 0;
		};
/* End PBXSourcesBuildPhase section */

/* Begin PBXTargetDependency section */
		182426BC2533649500015F60 /* PBXTargetDependency */ = {
			isa = PBXTargetDependency;
			target = 182426A82533649200015F60 /* Proquint */;
			targetProxy = 182426BB2533649500015F60 /* PBXContainerItemProxy */;
		};
		182426C72533649500015F60 /* PBXTargetDependency */ = {
			isa = PBXTargetDependency;
			target = 182426A82533649200015F60 /* Proquint */;
			targetProxy = 182426C62533649500015F60 /* PBXContainerItemProxy */;
		};
/* End PBXTargetDependency section */

/* Begin XCBuildConfiguration section */
		182426CC2533649500015F60 /* Debug */ = {
			isa = XCBuildConfiguration;
			buildSettings = {
				ALWAYS_SEARCH_USER_PATHS = NO;
				CLANG_ANALYZER_NONNULL = YES;
				CLANG_ANALYZER_NUMBER_OBJECT_CONVERSION = YES_AGGRESSIVE;
				CLANG_CXX_LANGUAGE_STANDARD = "gnu++14";
				CLANG_CXX_LIBRARY = "libc++";
				CLANG_ENABLE_MODULES = YES;
				CLANG_ENABLE_OBJC_ARC = YES;
				CLANG_ENABLE_OBJC_WEAK = YES;
				CLANG_WARN_BLOCK_CAPTURE_AUTORELEASING = YES;
				CLANG_WARN_BOOL_CONVERSION = YES;
				CLANG_WARN_COMMA = YES;
				CLANG_WARN_CONSTANT_CONVERSION = YES;
				CLANG_WARN_DEPRECATED_OBJC_IMPLEMENTATIONS = YES;
				CLANG_WARN_DIRECT_OBJC_ISA_USAGE = YES_ERROR;
				CLANG_WARN_DOCUMENTATION_COMMENTS = YES;
				CLANG_WARN_EMPTY_BODY = YES;
				CLANG_WARN_ENUM_CONVERSION = YES;
				CLANG_WARN_INFINITE_RECURSION = YES;
				CLANG_WARN_INT_CONVERSION = YES;
				CLANG_WARN_NON_LITERAL_NULL_CONVERSION = YES;
				CLANG_WARN_OBJC_IMPLICIT_RETAIN_SELF = YES;
				CLANG_WARN_OBJC_LITERAL_CONVERSION = YES;
				CLANG_WARN_OBJC_ROOT_CLASS = YES_ERROR;
				CLANG_WARN_QUOTED_INCLUDE_IN_FRAMEWORK_HEADER = YES;
				CLANG_WARN_RANGE_LOOP_ANALYSIS = YES;
				CLANG_WARN_STRICT_PROTOTYPES = YES;
				CLANG_WARN_SUSPICIOUS_MOVE = YES;
				CLANG_WARN_UNGUARDED_AVAILABILITY = YES_AGGRESSIVE;
				CLANG_WARN_UNREACHABLE_CODE = YES;
				CLANG_WARN__DUPLICATE_METHOD_MATCH = YES;
				COPY_PHASE_STRIP = NO;
				DEBUG_INFORMATION_FORMAT = dwarf;
				ENABLE_STRICT_OBJC_MSGSEND = YES;
				ENABLE_TESTABILITY = YES;
				ENABLE_USER_SCRIPT_SANDBOXING = YES;
				GCC_C_LANGUAGE_STANDARD = gnu11;
				GCC_DYNAMIC_NO_PIC = NO;
				GCC_NO_COMMON_BLOCKS = YES;
				GCC_OPTIMIZATION_LEVEL = 0;
				GCC_PREPROCESSOR_DEFINITIONS = (
					"DEBUG=1",
					"$(inherited)",
				);
				GCC_WARN_64_TO_32_BIT_CONVERSION = YES;
				GCC_WARN_ABOUT_RETURN_TYPE = YES_ERROR;
				GCC_WARN_UNDECLARED_SELECTOR = YES;
				GCC_WARN_UNINITIALIZED_AUTOS = YES_AGGRESSIVE;
				GCC_WARN_UNUSED_FUNCTION = YES;
				GCC_WARN_UNUSED_VARIABLE = YES;
				IPHONEOS_DEPLOYMENT_TARGET = 17.2;
				MTL_ENABLE_DEBUG_INFO = INCLUDE_SOURCE;
				MTL_FAST_MATH = YES;
				ONLY_ACTIVE_ARCH = YES;
				SDKROOT = iphoneos;
				SWIFT_ACTIVE_COMPILATION_CONDITIONS = DEBUG;
				SWIFT_OPTIMIZATION_LEVEL = "-Onone";
			};
			name = Debug;
		};
		182426CD2533649500015F60 /* Release */ = {
			isa = XCBuildConfiguration;
			buildSettings = {
				ALWAYS_SEARCH_USER_PATHS = NO;
				CLANG_ANALYZER_NONNULL = YES;
				CLANG_ANALYZER_NUMBER_OBJECT_CONVERSION = YES_AGGRESSIVE;
				CLANG_CXX_LANGUAGE_STANDARD = "gnu++14";
				CLANG_CXX_LIBRARY = "libc++";
				CLANG_ENABLE_MODULES = YES;
				CLANG_ENABLE_OBJC_ARC = YES;
				CLANG_ENABLE_OBJC_WEAK = YES;
				CLANG_WARN_BLOCK_CAPTURE_AUTORELEASING = YES;
				CLANG_WARN_BOOL_CONVERSION = YES;
				CLANG_WARN_COMMA = YES;
				CLANG_WARN_CONSTANT_CONVERSION = YES;
				CLANG_WARN_DEPRECATED_OBJC_IMPLEMENTATIONS = YES;
				CLANG_WARN_DIRECT_OBJC_ISA_USAGE = YES_ERROR;
				CLANG_WARN_DOCUMENTATION_COMMENTS = YES;
				CLANG_WARN_EMPTY_BODY = YES;
				CLANG_WARN_ENUM_CONVERSION = YES;
				CLANG_WARN_INFINITE_RECURSION = YES;
				CLANG_WARN_INT_CONVERSION = YES;
				CLANG_WARN_NON_LITERAL_NULL_CONVERSION = YES;
				CLANG_WARN_OBJC_IMPLICIT_RETAIN_SELF = YES;
				CLANG_WARN_OBJC_LITERAL_CONVERSION = YES;
				CLANG_WARN_OBJC_ROOT_CLASS = YES_ERROR;
				CLANG_WARN_QUOTED_INCLUDE_IN_FRAMEWORK_HEADER = YES;
				CLANG_WARN_RANGE_LOOP_ANALYSIS = YES;
				CLANG_WARN_STRICT_PROTOTYPES = YES;
				CLANG_WARN_SUSPICIOUS_MOVE = YES;
				CLANG_WARN_UNGUARDED_AVAILABILITY = YES_AGGRESSIVE;
				CLANG_WARN_UNREACHABLE_CODE = YES;
				CLANG_WARN__DUPLICATE_METHOD_MATCH = YES;
				COPY_PHASE_STRIP = NO;
				DEBUG_INFORMATION_FORMAT = "dwarf-with-dsym";
				ENABLE_NS_ASSERTIONS = NO;
				ENABLE_STRICT_OBJC_MSGSEND = YES;
				ENABLE_USER_SCRIPT_SANDBOXING = YES;
				GCC_C_LANGUAGE_STANDARD = gnu11;
				GCC_NO_COMMON_BLOCKS = YES;
				GCC_WARN_64_TO_32_BIT_CONVERSION = YES;
				GCC_WARN_ABOUT_RETURN_TYPE = YES_ERROR;
				GCC_WARN_UNDECLARED_SELECTOR = YES;
				GCC_WARN_UNINITIALIZED_AUTOS = YES_AGGRESSIVE;
				GCC_WARN_UNUSED_FUNCTION = YES;
				GCC_WARN_UNUSED_VARIABLE = YES;
				IPHONEOS_DEPLOYMENT_TARGET = 17.2;
				MTL_ENABLE_DEBUG_INFO = NO;
				MTL_FAST_MATH = YES;
				SDKROOT = iphoneos;
				SWIFT_COMPILATION_MODE = wholemodule;
				SWIFT_OPTIMIZATION_LEVEL = "-O";
				VALIDATE_PRODUCT = YES;
			};
			name = Release;
		};
		182426CF2533649500015F60 /* Debug */ = {
			isa = XCBuildConfiguration;
			buildSettings = {
				ASSETCATALOG_COMPILER_APPICON_NAME = AppIcon;
				ASSETCATALOG_COMPILER_GLOBAL_ACCENT_COLOR_NAME = AccentColor;
				CODE_SIGN_ENTITLEMENTS = Proquint/Proquint.entitlements;
				CODE_SIGN_STYLE = Automatic;
				DEVELOPMENT_ASSET_PATHS = "\"Proquint/Preview Content\"";
				DEVELOPMENT_TEAM = 2AD47BTDQ6;
				ENABLE_PREVIEWS = YES;
				INFOPLIST_FILE = Proquint/Info.plist;
				INFOPLIST_KEY_LSApplicationCategoryType = "public.app-category.utilities";
				IPHONEOS_DEPLOYMENT_TARGET = 17.2;
				LD_RUNPATH_SEARCH_PATHS = (
					"$(inherited)",
					"@executable_path/Frameworks",
				);
				PRODUCT_BUNDLE_IDENTIFIER = com.github.yep.ios.Proquint;
				PRODUCT_NAME = "$(TARGET_NAME)";
				SUPPORTED_PLATFORMS = "iphoneos iphonesimulator macosx";
				SUPPORTS_MACCATALYST = NO;
				SUPPORTS_MAC_DESIGNED_FOR_IPHONE_IPAD = NO;
				SUPPORTS_XR_DESIGNED_FOR_IPHONE_IPAD = NO;
				SWIFT_VERSION = 5.0;
				TARGETED_DEVICE_FAMILY = "1,2";
			};
			name = Debug;
		};
		182426D02533649500015F60 /* Release */ = {
			isa = XCBuildConfiguration;
			buildSettings = {
				ASSETCATALOG_COMPILER_APPICON_NAME = AppIcon;
				ASSETCATALOG_COMPILER_GLOBAL_ACCENT_COLOR_NAME = AccentColor;
				CODE_SIGN_ENTITLEMENTS = Proquint/Proquint.entitlements;
				CODE_SIGN_STYLE = Automatic;
				DEVELOPMENT_ASSET_PATHS = "\"Proquint/Preview Content\"";
				DEVELOPMENT_TEAM = 2AD47BTDQ6;
				ENABLE_PREVIEWS = YES;
				INFOPLIST_FILE = Proquint/Info.plist;
				INFOPLIST_KEY_LSApplicationCategoryType = "public.app-category.utilities";
				IPHONEOS_DEPLOYMENT_TARGET = 17.2;
				LD_RUNPATH_SEARCH_PATHS = (
					"$(inherited)",
					"@executable_path/Frameworks",
				);
				PRODUCT_BUNDLE_IDENTIFIER = com.github.yep.ios.Proquint;
				PRODUCT_NAME = "$(TARGET_NAME)";
				SUPPORTED_PLATFORMS = "iphoneos iphonesimulator macosx";
				SUPPORTS_MACCATALYST = NO;
				SUPPORTS_MAC_DESIGNED_FOR_IPHONE_IPAD = NO;
				SUPPORTS_XR_DESIGNED_FOR_IPHONE_IPAD = NO;
				SWIFT_VERSION = 5.0;
				TARGETED_DEVICE_FAMILY = "1,2";
			};
			name = Release;
		};
		182426D22533649500015F60 /* Debug */ = {
			isa = XCBuildConfiguration;
			buildSettings = {
				BUNDLE_LOADER = "$(TEST_HOST)";
				CODE_SIGN_STYLE = Automatic;
				DEVELOPMENT_TEAM = N3J7Y6A64Z;
				INFOPLIST_FILE = ProquintTests/Info.plist;
				IPHONEOS_DEPLOYMENT_TARGET = 14.0;
				LD_RUNPATH_SEARCH_PATHS = (
					"$(inherited)",
					"@executable_path/Frameworks",
					"@loader_path/Frameworks",
				);
				PRODUCT_BUNDLE_IDENTIFIER = com.github.yep.ios.ProquintTests;
				PRODUCT_NAME = "$(TARGET_NAME)";
				SWIFT_VERSION = 5.0;
				TARGETED_DEVICE_FAMILY = "1,2";
				TEST_HOST = "$(BUILT_PRODUCTS_DIR)/Proquint.app/Proquint";
			};
			name = Debug;
		};
		182426D32533649500015F60 /* Release */ = {
			isa = XCBuildConfiguration;
			buildSettings = {
				BUNDLE_LOADER = "$(TEST_HOST)";
				CODE_SIGN_STYLE = Automatic;
				DEVELOPMENT_TEAM = N3J7Y6A64Z;
				INFOPLIST_FILE = ProquintTests/Info.plist;
				IPHONEOS_DEPLOYMENT_TARGET = 14.0;
				LD_RUNPATH_SEARCH_PATHS = (
					"$(inherited)",
					"@executable_path/Frameworks",
					"@loader_path/Frameworks",
				);
				PRODUCT_BUNDLE_IDENTIFIER = com.github.yep.ios.ProquintTests;
				PRODUCT_NAME = "$(TARGET_NAME)";
				SWIFT_VERSION = 5.0;
				TARGETED_DEVICE_FAMILY = "1,2";
				TEST_HOST = "$(BUILT_PRODUCTS_DIR)/Proquint.app/Proquint";
			};
			name = Release;
		};
		182426D52533649500015F60 /* Debug */ = {
			isa = XCBuildConfiguration;
			buildSettings = {
				CODE_SIGN_STYLE = Automatic;
				DEVELOPMENT_TEAM = N3J7Y6A64Z;
				INFOPLIST_FILE = ProquintUITests/Info.plist;
				LD_RUNPATH_SEARCH_PATHS = (
					"$(inherited)",
					"@executable_path/Frameworks",
					"@loader_path/Frameworks",
				);
				PRODUCT_BUNDLE_IDENTIFIER = com.github.yep.ios.ProquintUITests;
				PRODUCT_NAME = "$(TARGET_NAME)";
				SWIFT_VERSION = 5.0;
				TARGETED_DEVICE_FAMILY = "1,2";
				TEST_TARGET_NAME = Proquint;
			};
			name = Debug;
		};
		182426D62533649500015F60 /* Release */ = {
			isa = XCBuildConfiguration;
			buildSettings = {
				CODE_SIGN_STYLE = Automatic;
				DEVELOPMENT_TEAM = N3J7Y6A64Z;
				INFOPLIST_FILE = ProquintUITests/Info.plist;
				LD_RUNPATH_SEARCH_PATHS = (
					"$(inherited)",
					"@executable_path/Frameworks",
					"@loader_path/Frameworks",
				);
				PRODUCT_BUNDLE_IDENTIFIER = com.github.yep.ios.ProquintUITests;
				PRODUCT_NAME = "$(TARGET_NAME)";
				SWIFT_VERSION = 5.0;
				TARGETED_DEVICE_FAMILY = "1,2";
				TEST_TARGET_NAME = Proquint;
			};
			name = Release;
		};
/* End XCBuildConfiguration section */

/* Begin XCConfigurationList section */
		182426A42533649200015F60 /* Build configuration list for PBXProject "Proquint" */ = {
			isa = XCConfigurationList;
			buildConfigurations = (
				182426CC2533649500015F60 /* Debug */,
				182426CD2533649500015F60 /* Release */,
			);
			defaultConfigurationIsVisible = 0;
			defaultConfigurationName = Release;
		};
		182426CE2533649500015F60 /* Build configuration list for PBXNativeTarget "Proquint" */ = {
			isa = XCConfigurationList;
			buildConfigurations = (
				182426CF2533649500015F60 /* Debug */,
				182426D02533649500015F60 /* Release */,
			);
			defaultConfigurationIsVisible = 0;
			defaultConfigurationName = Release;
		};
		182426D12533649500015F60 /* Build configuration list for PBXNativeTarget "ProquintTests" */ = {
			isa = XCConfigurationList;
			buildConfigurations = (
				182426D22533649500015F60 /* Debug */,
				182426D32533649500015F60 /* Release */,
			);
			defaultConfigurationIsVisible = 0;
			defaultConfigurationName = Release;
		};
		182426D42533649500015F60 /* Build configuration list for PBXNativeTarget "ProquintUITests" */ = {
			isa = XCConfigurationList;
			buildConfigurations = (
				182426D52533649500015F60 /* Debug */,
				182426D62533649500015F60 /* Release */,
			);
			defaultConfigurationIsVisible = 0;
			defaultConfigurationName = Release;
		};
/* End XCConfigurationList section */
	};
	rootObject = 182426A12533649200015F60 /* Project object */;
}
